
Microsoft Visual Studio Solution File, Format Version 12.00
# Visual Studio 15
VisualStudioVersion = 15.0.27004.2006
MinimumVisualStudioVersion = 10.0.40219.1
Project("{9A19103F-16F7-4668-BE54-9A1E7A4F7556}") = "FMS", "FMS\FMS.csproj", "{7B3981E3-456C-4B64-8D5E-BD8B7867B24C}"
EndProject
Project("{9A19103F-16F7-4668-BE54-9A1E7A4F7556}") = "FMS.Core", "FMS.Core\FMS.Core.csproj", "{CB0BAF78-583D-4A89-9BE0-85AFEA8D9B79}"
EndProject
Project("{FAE04EC0-301F-11D3-BF4B-00C04F79EFBC}") = "FMS.Utilities", "FMS.Utilities\FMS.Utilities.csproj", "{FD947E44-A0B4-42CF-A8CC-2F759EC1C177}"
EndProject
Global
	GlobalSection(SolutionConfigurationPlatforms) = preSolution
		Debug|Any CPU = Debug|Any CPU
		Release|Any CPU = Release|Any CPU
	EndGlobalSection
	GlobalSection(ProjectConfigurationPlatforms) = postSolution
		{7B3981E3-456C-4B64-8D5E-BD8B7867B24C}.Debug|Any CPU.ActiveCfg = Debug|Any CPU
		{7B3981E3-456C-4B64-8D5E-BD8B7867B24C}.Debug|Any CPU.Build.0 = Debug|Any CPU
		{7B3981E3-456C-4B64-8D5E-BD8B7867B24C}.Release|Any CPU.ActiveCfg = Release|Any CPU
		{7B3981E3-456C-4B64-8D5E-BD8B7867B24C}.Release|Any CPU.Build.0 = Release|Any CPU
		{CB0BAF78-583D-4A89-9BE0-85AFEA8D9B79}.Debug|Any CPU.ActiveCfg = Debug|Any CPU
		{CB0BAF78-583D-4A89-9BE0-85AFEA8D9B79}.Debug|Any CPU.Build.0 = Debug|Any CPU
		{CB0BAF78-583D-4A89-9BE0-85AFEA8D9B79}.Release|Any CPU.ActiveCfg = Release|Any CPU
		{CB0BAF78-583D-4A89-9BE0-85AFEA8D9B79}.Release|Any CPU.Build.0 = Release|Any CPU
		{FD947E44-A0B4-42CF-A8CC-2F759EC1C177}.Debug|Any CPU.ActiveCfg = Debug|Any CPU
		{FD947E44-A0B4-42CF-A8CC-2F759EC1C177}.Debug|Any CPU.Build.0 = Debug|Any CPU
		{FD947E44-A0B4-42CF-A8CC-2F759EC1C177}.Release|Any CPU.ActiveCfg = Release|Any CPU
		{FD947E44-A0B4-42CF-A8CC-2F759EC1C177}.Release|Any CPU.Build.0 = Release|Any CPU
	EndGlobalSection
	GlobalSection(SolutionProperties) = preSolution
		HideSolutionNode = FALSE
	EndGlobalSection
	GlobalSection(ExtensibilityGlobals) = postSolution
		SolutionGuid = {F4888FCB-CFE9-4E44-8DD8-9CBF7D9042E5}
	EndGlobalSection
EndGlobal
